{
  "version": 2,
  "dependencies": {
    "net8.0": {
      "XmpCore": {
        "type": "Transitive",
        "resolved": "6.1.10.1",
        "contentHash": "/Tp2/e39e7z8hLtS4TXt0FNNZHbf5yNFfHS0/59soXlgOzZlyRZivvzWpvujyaWkTWWgecp/1nHxkuc5vntn7A=="
      },
      "scrubkit": {
        "type": "Project",
        "dependencies": {
          "MetadataExtractor": "[2.9.3, )",
          "PdfPig": "[0.1.15, )",
          "Scrubkit.Abstractions": "[1.0.0, )"
        }
      },
      "scrubkit.abstractions": {
        "type": "Project"
      },
      "MetadataExtractor": {
        "type": "CentralTransitive",
        "requested": "[2.9.3, )",
        "resolved": "2.9.3",
        "contentHash": "7dBcqlPC2Zc/bsZtXnv8nCWe5h5WsLHszzHtxnpcsVy4MwlD3KQ3wVNoiYBm0a3rzt5hRwAosPvLPhlXrV5lyg==",
        "dependencies": {
          "XmpCore": "6.1.10.1"
        }
      },
      "PdfPig": {
        "type": "CentralTransitive",
        "requested": "[0.1.15, )",
        "resolved": "0.1.15",
        "contentHash": "Bf0NO4o2ZSVnemMyj21KDU1sfSgmamFC0pD4aAv19CDNXQsoO1Z6O99gNqpiK/XWWZ5d5i7JkQoT7PUBxEPz5g=="
      }
    }
  }
}