{
  "version": 2,
  "dependencies": {
    ".NETStandard,Version=v2.0": {
      "Microsoft.SemanticKernel.Abstractions": {
        "type": "Direct",
        "requested": "[1.30.0, )",
        "resolved": "1.30.0",
        "contentHash": "JYac6hAUjqenVdfxqgW63/raaBqpk30cScmUg1ibuMY8CD56b1zgQ8pM35dQMY9sbLlWP+SuPNtWAn+gQl19Og==",
        "dependencies": {
          "Microsoft.Bcl.AsyncInterfaces": "8.0.0",
          "Microsoft.Bcl.HashCode": "1.1.1",
          "Microsoft.Extensions.AI.Abstractions": "9.0.0-preview.9.24525.1",
          "Microsoft.Extensions.DependencyInjection.Abstractions": "8.0.2",
          "Microsoft.Extensions.Logging.Abstractions": "8.0.2",
          "Microsoft.Extensions.VectorData.Abstractions": "9.0.0-preview.1.24523.1",
          "System.Diagnostics.DiagnosticSource": "8.0.1",
          "System.Text.Json": "8.0.5"
        }
      },
      "Microsoft.SourceLink.GitHub": {
        "type": "Direct",
        "requested": "[10.0.301, )",
        "resolved": "10.0.301",
        "contentHash": "S9U9Ye2bylMeDkzdNh+TsbRUNr6rkBORrnXDk45maPIxVvTmHV1SN2/qtZ/6yO7cdWmQv1LHv77yIeG6Q3nvMQ==",
        "dependencies": {
          "Microsoft.Build.Tasks.Git": "10.0.301",
          "Microsoft.SourceLink.Common": "10.0.301",
          "System.IO.Hashing": "10.0.10"
        }
      },
      "MinVer": {
        "type": "Direct",
        "requested": "[7.0.0, )",
        "resolved": "7.0.0",
        "contentHash": "2lMTCQl5bGP4iv0JNkockPnyllC6eHLz+CoK2ICvalvHod+exXSxueu9hq+zNkU7bZBJf8wMfeRC/Edn8AGmEg=="
      },
      "NETStandard.Library": {
        "type": "Direct",
        "requested": "[2.0.3, )",
        "resolved": "2.0.3",
        "contentHash": "st47PosZSHrjECdjeIzZQbzivYBJFv6P2nv4cj2ypdI204DO+vZ7l5raGMiX4eXMJ53RfOIg+/s4DHVZ54Nu2A==",
        "dependencies": {
          "Microsoft.NETCore.Platforms": "1.1.0"
        }
      },
      "PolySharp": {
        "type": "Direct",
        "requested": "[1.16.0, )",
        "resolved": "1.16.0",
        "contentHash": "3kdIIceBPumwjw279FuiVMfVENT2cGASXJgcigdySsbX2dJB8ofUgG6i47yqF/k1qu6fvNR3csrSekZPviR6kQ=="
      },
      "Microsoft.Bcl.HashCode": {
        "type": "Transitive",
        "resolved": "6.0.0",
        "contentHash": "GI4jcoi6eC9ZhNOQylIBaWOQjyGaR8T6N3tC1u8p3EXfndLCVNNWa+Zp+ocjvvS3kNBN09Zma2HXL0ezO0dRfw=="
      },
      "Microsoft.Build.Tasks.Git": {
        "type": "Transitive",
        "resolved": "10.0.301",
        "contentHash": "9Tah8f2BYuXlff9nIsJAeQJcqnijJTXNraIcTOF2f/f9kLmg0HNWPlMemnD6FBLd/UQcE0s9Vze2zCkA6nrZAA==",
        "dependencies": {
          "System.IO.Hashing": "10.0.10"
        }
      },
      "Microsoft.Extensions.VectorData.Abstractions": {
        "type": "Transitive",
        "resolved": "9.0.0-preview.1.24523.1",
        "contentHash": "5TUbyFZN8v2eWQXwF7WyAAHCW+OMdsmEVEWw1N1J7L5xA25UD0BtUXxO1kc8Nzkc6c1YGN/NwarySgiY84ALlg==",
        "dependencies": {
          "Microsoft.Bcl.AsyncInterfaces": "8.0.0"
        }
      },
      "Microsoft.NETCore.Platforms": {
        "type": "Transitive",
        "resolved": "1.1.0",
        "contentHash": "kz0PEW2lhqygehI/d6XsPCQzD7ff7gUJaVGPVETX611eadGsA3A877GdSlU0LRVMCTH/+P3o2iDTak+S08V2+A=="
      },
      "Microsoft.SourceLink.Common": {
        "type": "Transitive",
        "resolved": "10.0.301",
        "contentHash": "oz44EclJdAYVZcRb9dSbWd+6RaE+8a4j5zdE+O7yw5qPRZZhu3pcpDZ/Moy6pLeIXZqBP1FMd8CSE0sgJAGV0g=="
      },
      "System.Buffers": {
        "type": "Transitive",
        "resolved": "4.6.1",
        "contentHash": "N8GXpmiLMtljq7gwvyS+1QvKT/W2J8sNAvx+HVg4NGmsG/H+2k/y9QI23auLJRterrzCiDH+IWAw4V/GPwsMlw=="
      },
      "System.Diagnostics.DiagnosticSource": {
        "type": "Transitive",
        "resolved": "10.0.10",
        "contentHash": "cjtKi6ERMYWp6b9UTVPcwDT29PjKDtlM3W9OwnWL5abRsI8ku42Q2wqZoLIIXJnT/XF2s2CjuK8Nl4a3mmTxQQ==",
        "dependencies": {
          "System.Memory": "4.6.3",
          "System.Runtime.CompilerServices.Unsafe": "6.1.2"
        }
      },
      "System.IO.Hashing": {
        "type": "Transitive",
        "resolved": "10.0.10",
        "contentHash": "eE839zyWZD/UBZYzP2lu9fhHX6RWe63/jz3Jxf+JumzO/db+Vc2s7CMiDwxk9ti2NTUft2tdRx31Rw2OjKbecA==",
        "dependencies": {
          "System.Buffers": "4.6.1",
          "System.Memory": "4.6.3"
        }
      },
      "System.Memory": {
        "type": "Transitive",
        "resolved": "4.6.3",
        "contentHash": "qdcDOgnFZY40+Q9876JUHnlHu7bosOHX8XISRoH94fwk6hgaeQGSgfZd8srWRZNt5bV9ZW2TljcegDNxsf+96A==",
        "dependencies": {
          "System.Buffers": "4.6.1",
          "System.Numerics.Vectors": "4.6.1",
          "System.Runtime.CompilerServices.Unsafe": "6.1.2"
        }
      },
      "System.Numerics.Vectors": {
        "type": "Transitive",
        "resolved": "4.6.1",
        "contentHash": "sQxefTnhagrhoq2ReR0D/6K0zJcr9Hrd6kikeXsA1I8kOCboTavcUC4r7TSfpKFeE163uMuxZcyfO1mGO3EN8Q=="
      },
      "System.Runtime.CompilerServices.Unsafe": {
        "type": "Transitive",
        "resolved": "6.1.2",
        "contentHash": "2hBr6zdbIBTDE3EhK7NSVNdX58uTK6iHW/P/Axmm9sl1xoGSLqDvMtpecn226TNwHByFokYwJmt/aQQNlO5CRw=="
      },
      "System.Text.Encoding.CodePages": {
        "type": "Transitive",
        "resolved": "10.0.5",
        "contentHash": "XjJQDlI3ZcuhiVS5PELE+baWk4BWjxXWcojj4H7y+moVKcAxj8jgra6JQvGOKoWpA/TPDqULxTxwM/ZolErl+w==",
        "dependencies": {
          "System.Memory": "4.6.3",
          "System.Runtime.CompilerServices.Unsafe": "6.1.2"
        }
      },
      "System.Text.Encodings.Web": {
        "type": "Transitive",
        "resolved": "8.0.0",
        "contentHash": "yev/k9GHAEGx2Rg3/tU6MQh4HGBXJs70y7j1LaM1i/ER9po+6nnQ6RRqTJn1E7Xu0fbIFK80Nh5EoODxrbxwBQ==",
        "dependencies": {
          "System.Buffers": "4.5.1",
          "System.Memory": "4.5.5",
          "System.Runtime.CompilerServices.Unsafe": "6.0.0"
        }
      },
      "System.Text.Json": {
        "type": "Transitive",
        "resolved": "8.0.5",
        "contentHash": "0f1B50Ss7rqxXiaBJyzUu9bWFOO2/zSlifZ/UNMdiIpDYe4cY4LQQicP4nirK1OS31I43rn062UIJ1Q9bpmHpg==",
        "dependencies": {
          "Microsoft.Bcl.AsyncInterfaces": "8.0.0",
          "System.Buffers": "4.5.1",
          "System.Memory": "4.5.5",
          "System.Runtime.CompilerServices.Unsafe": "6.0.0",
          "System.Text.Encodings.Web": "8.0.0",
          "System.Threading.Tasks.Extensions": "4.5.4"
        }
      },
      "System.Threading.Tasks.Extensions": {
        "type": "Transitive",
        "resolved": "4.6.3",
        "contentHash": "7sCiwilJLYbTZELaKnc7RecBBXWXA+xMLQWZKWawBxYjp6DBlSE3v9/UcvKBvr1vv2tTOhipiogM8rRmxlhrVA==",
        "dependencies": {
          "System.Runtime.CompilerServices.Unsafe": "6.1.2"
        }
      },
      "System.ValueTuple": {
        "type": "Transitive",
        "resolved": "4.6.2",
        "contentHash": "yQgmjfFximrNm9LIV3mL6T5MzjeC+epeE5rl4hXxAlYmxby7RM1dPSkIKXk9HNkl6G54h2JHOmLD46+Pey+IRg=="
      },
      "XmpCore": {
        "type": "Transitive",
        "resolved": "6.1.10.1",
        "contentHash": "/Tp2/e39e7z8hLtS4TXt0FNNZHbf5yNFfHS0/59soXlgOzZlyRZivvzWpvujyaWkTWWgecp/1nHxkuc5vntn7A=="
      },
      "scrubkit": {
        "type": "Project",
        "dependencies": {
          "MetadataExtractor": "[2.9.3, )",
          "Microsoft.Bcl.AsyncInterfaces": "[10.0.10, )",
          "PdfPig": "[0.1.15, )",
          "Scrubkit.Abstractions": "[1.0.0, )"
        }
      },
      "scrubkit.abstractions": {
        "type": "Project"
      },
      "MetadataExtractor": {
        "type": "CentralTransitive",
        "requested": "[2.9.3, )",
        "resolved": "2.9.3",
        "contentHash": "7dBcqlPC2Zc/bsZtXnv8nCWe5h5WsLHszzHtxnpcsVy4MwlD3KQ3wVNoiYBm0a3rzt5hRwAosPvLPhlXrV5lyg==",
        "dependencies": {
          "System.Memory": "4.6.3",
          "System.Text.Encoding.CodePages": "10.0.5",
          "System.ValueTuple": "4.6.2",
          "XmpCore": "6.1.10.1"
        }
      },
      "Microsoft.Bcl.AsyncInterfaces": {
        "type": "CentralTransitive",
        "requested": "[10.0.10, )",
        "resolved": "10.0.10",
        "contentHash": "TFI6OKYE1XZz4SGuTSH70c6SBdPpFktXsoa1gCxTr3mKrhmXirnvaS0tKz+J3ZWICEAmMpEGn59nO4ICtUpQXA==",
        "dependencies": {
          "System.Threading.Tasks.Extensions": "4.6.3"
        }
      },
      "Microsoft.Extensions.AI.Abstractions": {
        "type": "CentralTransitive",
        "requested": "[9.5.0, )",
        "resolved": "9.5.0",
        "contentHash": "Y46j1S4zOPtLAHCUzhHIm1IhCMr7764754bLYupyc1JZcvLNXjUk+VC7H3Bou20S2hHgDJnfox7X/H/3BYEvzA==",
        "dependencies": {
          "System.Text.Json": "8.0.5"
        }
      },
      "Microsoft.Extensions.DependencyInjection.Abstractions": {
        "type": "CentralTransitive",
        "requested": "[10.0.10, )",
        "resolved": "10.0.10",
        "contentHash": "z/2xXlFw2aLGjHyEm6E0tQ+In6VfzQzTrtArbQ2c0TQE16ZbyDCMGPvaUT9I0s8rgy9sRWlU2P9waW37qV04qA==",
        "dependencies": {
          "Microsoft.Bcl.AsyncInterfaces": "10.0.10",
          "System.Threading.Tasks.Extensions": "4.6.3"
        }
      },
      "Microsoft.Extensions.Logging.Abstractions": {
        "type": "CentralTransitive",
        "requested": "[10.0.10, )",
        "resolved": "10.0.10",
        "contentHash": "zkFxGYUvdxAvIKTyXHrmW+Sux53D4SezD9dMyZ6hrwwzPQJNuwCRy1f5W7AvYTqacEGhWF2XderRQG1OvbV8og==",
        "dependencies": {
          "Microsoft.Extensions.DependencyInjection.Abstractions": "10.0.10",
          "System.Buffers": "4.6.1",
          "System.Diagnostics.DiagnosticSource": "10.0.10",
          "System.Memory": "4.6.3"
        }
      },
      "PdfPig": {
        "type": "CentralTransitive",
        "requested": "[0.1.15, )",
        "resolved": "0.1.15",
        "contentHash": "Bf0NO4o2ZSVnemMyj21KDU1sfSgmamFC0pD4aAv19CDNXQsoO1Z6O99gNqpiK/XWWZ5d5i7JkQoT7PUBxEPz5g==",
        "dependencies": {
          "Microsoft.Bcl.HashCode": "6.0.0",
          "System.Memory": "4.6.0"
        }
      }
    },
    "net8.0": {
      "Microsoft.SemanticKernel.Abstractions": {
        "type": "Direct",
        "requested": "[1.30.0, )",
        "resolved": "1.30.0",
        "contentHash": "JYac6hAUjqenVdfxqgW63/raaBqpk30cScmUg1ibuMY8CD56b1zgQ8pM35dQMY9sbLlWP+SuPNtWAn+gQl19Og==",
        "dependencies": {
          "Microsoft.Bcl.AsyncInterfaces": "8.0.0",
          "Microsoft.Bcl.HashCode": "1.1.1",
          "Microsoft.Extensions.AI.Abstractions": "9.0.0-preview.9.24525.1",
          "Microsoft.Extensions.DependencyInjection.Abstractions": "8.0.2",
          "Microsoft.Extensions.Logging.Abstractions": "8.0.2",
          "Microsoft.Extensions.VectorData.Abstractions": "9.0.0-preview.1.24523.1",
          "System.Diagnostics.DiagnosticSource": "8.0.1",
          "System.Text.Json": "8.0.5"
        }
      },
      "Microsoft.SourceLink.GitHub": {
        "type": "Direct",
        "requested": "[10.0.301, )",
        "resolved": "10.0.301",
        "contentHash": "S9U9Ye2bylMeDkzdNh+TsbRUNr6rkBORrnXDk45maPIxVvTmHV1SN2/qtZ/6yO7cdWmQv1LHv77yIeG6Q3nvMQ==",
        "dependencies": {
          "Microsoft.Build.Tasks.Git": "10.0.301",
          "Microsoft.SourceLink.Common": "10.0.301",
          "System.IO.Hashing": "10.0.10"
        }
      },
      "MinVer": {
        "type": "Direct",
        "requested": "[7.0.0, )",
        "resolved": "7.0.0",
        "contentHash": "2lMTCQl5bGP4iv0JNkockPnyllC6eHLz+CoK2ICvalvHod+exXSxueu9hq+zNkU7bZBJf8wMfeRC/Edn8AGmEg=="
      },
      "PolySharp": {
        "type": "Direct",
        "requested": "[1.16.0, )",
        "resolved": "1.16.0",
        "contentHash": "3kdIIceBPumwjw279FuiVMfVENT2cGASXJgcigdySsbX2dJB8ofUgG6i47yqF/k1qu6fvNR3csrSekZPviR6kQ=="
      },
      "Microsoft.Bcl.HashCode": {
        "type": "Transitive",
        "resolved": "1.1.1",
        "contentHash": "MalY0Y/uM/LjXtHfX/26l2VtN4LDNZ2OE3aumNOHDLsT4fNYy2hiHXI4CXCqKpNUNm7iJ2brrc4J89UdaL56FA=="
      },
      "Microsoft.Build.Tasks.Git": {
        "type": "Transitive",
        "resolved": "10.0.301",
        "contentHash": "9Tah8f2BYuXlff9nIsJAeQJcqnijJTXNraIcTOF2f/f9kLmg0HNWPlMemnD6FBLd/UQcE0s9Vze2zCkA6nrZAA==",
        "dependencies": {
          "System.IO.Hashing": "10.0.10"
        }
      },
      "Microsoft.Extensions.VectorData.Abstractions": {
        "type": "Transitive",
        "resolved": "9.0.0-preview.1.24523.1",
        "contentHash": "5TUbyFZN8v2eWQXwF7WyAAHCW+OMdsmEVEWw1N1J7L5xA25UD0BtUXxO1kc8Nzkc6c1YGN/NwarySgiY84ALlg=="
      },
      "Microsoft.SourceLink.Common": {
        "type": "Transitive",
        "resolved": "10.0.301",
        "contentHash": "oz44EclJdAYVZcRb9dSbWd+6RaE+8a4j5zdE+O7yw5qPRZZhu3pcpDZ/Moy6pLeIXZqBP1FMd8CSE0sgJAGV0g=="
      },
      "System.Diagnostics.DiagnosticSource": {
        "type": "Transitive",
        "resolved": "10.0.10",
        "contentHash": "cjtKi6ERMYWp6b9UTVPcwDT29PjKDtlM3W9OwnWL5abRsI8ku42Q2wqZoLIIXJnT/XF2s2CjuK8Nl4a3mmTxQQ=="
      },
      "System.IO.Hashing": {
        "type": "Transitive",
        "resolved": "10.0.10",
        "contentHash": "eE839zyWZD/UBZYzP2lu9fhHX6RWe63/jz3Jxf+JumzO/db+Vc2s7CMiDwxk9ti2NTUft2tdRx31Rw2OjKbecA=="
      },
      "System.Text.Json": {
        "type": "Transitive",
        "resolved": "8.0.5",
        "contentHash": "0f1B50Ss7rqxXiaBJyzUu9bWFOO2/zSlifZ/UNMdiIpDYe4cY4LQQicP4nirK1OS31I43rn062UIJ1Q9bpmHpg=="
      },
      "XmpCore": {
        "type": "Transitive",
        "resolved": "6.1.10.1",
        "contentHash": "/Tp2/e39e7z8hLtS4TXt0FNNZHbf5yNFfHS0/59soXlgOzZlyRZivvzWpvujyaWkTWWgecp/1nHxkuc5vntn7A=="
      },
      "scrubkit": {
        "type": "Project",
        "dependencies": {
          "MetadataExtractor": "[2.9.3, )",
          "PdfPig": "[0.1.15, )",
          "Scrubkit.Abstractions": "[1.0.0, )"
        }
      },
      "scrubkit.abstractions": {
        "type": "Project"
      },
      "MetadataExtractor": {
        "type": "CentralTransitive",
        "requested": "[2.9.3, )",
        "resolved": "2.9.3",
        "contentHash": "7dBcqlPC2Zc/bsZtXnv8nCWe5h5WsLHszzHtxnpcsVy4MwlD3KQ3wVNoiYBm0a3rzt5hRwAosPvLPhlXrV5lyg==",
        "dependencies": {
          "XmpCore": "6.1.10.1"
        }
      },
      "Microsoft.Bcl.AsyncInterfaces": {
        "type": "CentralTransitive",
        "requested": "[10.0.10, )",
        "resolved": "10.0.10",
        "contentHash": "TFI6OKYE1XZz4SGuTSH70c6SBdPpFktXsoa1gCxTr3mKrhmXirnvaS0tKz+J3ZWICEAmMpEGn59nO4ICtUpQXA=="
      },
      "Microsoft.Extensions.AI.Abstractions": {
        "type": "CentralTransitive",
        "requested": "[9.5.0, )",
        "resolved": "9.5.0",
        "contentHash": "Y46j1S4zOPtLAHCUzhHIm1IhCMr7764754bLYupyc1JZcvLNXjUk+VC7H3Bou20S2hHgDJnfox7X/H/3BYEvzA=="
      },
      "Microsoft.Extensions.DependencyInjection.Abstractions": {
        "type": "CentralTransitive",
        "requested": "[10.0.10, )",
        "resolved": "10.0.10",
        "contentHash": "z/2xXlFw2aLGjHyEm6E0tQ+In6VfzQzTrtArbQ2c0TQE16ZbyDCMGPvaUT9I0s8rgy9sRWlU2P9waW37qV04qA=="
      },
      "Microsoft.Extensions.Logging.Abstractions": {
        "type": "CentralTransitive",
        "requested": "[10.0.10, )",
        "resolved": "10.0.10",
        "contentHash": "zkFxGYUvdxAvIKTyXHrmW+Sux53D4SezD9dMyZ6hrwwzPQJNuwCRy1f5W7AvYTqacEGhWF2XderRQG1OvbV8og==",
        "dependencies": {
          "Microsoft.Extensions.DependencyInjection.Abstractions": "10.0.10",
          "System.Diagnostics.DiagnosticSource": "10.0.10"
        }
      },
      "PdfPig": {
        "type": "CentralTransitive",
        "requested": "[0.1.15, )",
        "resolved": "0.1.15",
        "contentHash": "Bf0NO4o2ZSVnemMyj21KDU1sfSgmamFC0pD4aAv19CDNXQsoO1Z6O99gNqpiK/XWWZ5d5i7JkQoT7PUBxEPz5g=="
      }
    }
  }
}